
Microsoft Visual Studio Solution File, Format Version 12.00
# Visual Studio Version 17
VisualStudioVersion = 17.7.34221.43
MinimumVisualStudioVersion = 10.0.40219.1
Project("{9A19103F-16F7-4668-BE54-9A1E7A4F7556}") = "FaceMan.SemanticHub", "FaceMan.SemanticHub\FaceMan.SemanticHub.csproj", "{7ADA1425-191F-4386-84E8-60E6C4CD438C}"
EndProject
Project("{9A19103F-16F7-4668-BE54-9A1E7A4F7556}") = "FaceMan.SemanticHub.Test", "FaceMan.SemanticHub.Test\FaceMan.SemanticHub.Test.csproj", "{F5FE5B51-F469-4CF3-9545-A28DDE5181B5}"
EndProject
Project("{2150E333-8FDC-42A3-9474-1A3956D46DE8}") = "Solution Items", "Solution Items", "{39829008-DEC6-4B05-8156-AE3AD53ABDC3}"
	ProjectSection(SolutionItems) = preProject
		.editorconfig = .editorconfig
	EndProjectSection
EndProject
Global
	GlobalSection(SolutionConfigurationPlatforms) = preSolution
		Debug|Any CPU = Debug|Any CPU
		Release|Any CPU = Release|Any CPU
	EndGlobalSection
	GlobalSection(ProjectConfigurationPlatforms) = postSolution
		{7ADA1425-191F-4386-84E8-60E6C4CD438C}.Debug|Any CPU.ActiveCfg = Debug|Any CPU
		{7ADA1425-191F-4386-84E8-60E6C4CD438C}.Debug|Any CPU.Build.0 = Debug|Any CPU
		{7ADA1425-191F-4386-84E8-60E6C4CD438C}.Release|Any CPU.ActiveCfg = Release|Any CPU
		{7ADA1425-191F-4386-84E8-60E6C4CD438C}.Release|Any CPU.Build.0 = Release|Any CPU
		{F5FE5B51-F469-4CF3-9545-A28DDE5181B5}.Debug|Any CPU.ActiveCfg = Debug|Any CPU
		{F5FE5B51-F469-4CF3-9545-A28DDE5181B5}.Debug|Any CPU.Build.0 = Debug|Any CPU
		{F5FE5B51-F469-4CF3-9545-A28DDE5181B5}.Release|Any CPU.ActiveCfg = Release|Any CPU
		{F5FE5B51-F469-4CF3-9545-A28DDE5181B5}.Release|Any CPU.Build.0 = Release|Any CPU
	EndGlobalSection
	GlobalSection(SolutionProperties) = preSolution
		HideSolutionNode = FALSE
	EndGlobalSection
	GlobalSection(ExtensibilityGlobals) = postSolution
		SolutionGuid = {3BB919F6-5BC5-440B-9BED-D60C59FCFCBF}
	EndGlobalSection
EndGlobal
